
Microsoft Visual Studio Solution File, Format Version 12.00
# Visual Studio Version 16
VisualStudioVersion = 16.0.33328.57
MinimumVisualStudioVersion = 10.0.40219.1
Project("{FAE04EC0-301F-11D3-BF4B-00C04F79EFBC}") = "Lab12Rezolvare", "Lab12Rezolvare\Lab12Rezolvare.csproj", "{93674EE0-C015-40DF-AB3E-4D7F6683CBBC}"
EndProject
Global
	GlobalSection(SolutionConfigurationPlatforms) = preSolution
		Debug|Any CPU = Debug|Any CPU
		Release|Any CPU = Release|Any CPU
	EndGlobalSection
	GlobalSection(ProjectConfigurationPlatforms) = postSolution
		{93674EE0-C015-40DF-AB3E-4D7F6683CBBC}.Debug|Any CPU.ActiveCfg = Debug|Any CPU
		{93674EE0-C015-40DF-AB3E-4D7F6683CBBC}.Debug|Any CPU.Build.0 = Debug|Any CPU
		{93674EE0-C015-40DF-AB3E-4D7F6683CBBC}.Release|Any CPU.ActiveCfg = Release|Any CPU
		{93674EE0-C015-40DF-AB3E-4D7F6683CBBC}.Release|Any CPU.Build.0 = Release|Any CPU
	EndGlobalSection
	GlobalSection(SolutionProperties) = preSolution
		HideSolutionNode = FALSE
	EndGlobalSection
	GlobalSection(ExtensibilityGlobals) = postSolution
		SolutionGuid = {60DFF430-75E1-4584-874B-9B461E895193}
	EndGlobalSection
EndGlobal
